# @generated - this file is auto-generated by `mise lock` https://mise.jdx.dev/dev-tools/mise-lock.html

[[tools.python]]
version = "3.14.8"
backend = "core:python"

[tools.python."platforms.linux-arm64"]
checksum = "sha256:ece2bf3d4b47c80c2403c5f32fa51a9458abaee93c10def8acafb5f45163e77d"
url = "https://github.com/astral-sh/python-build-standalone/releases/download/20261003/cpython-3.14.8+20261003-aarch64-unknown-linux-gnu-install_only_stripped.tar.gz"
provenance = "github-attestations"

[tools.python."platforms.linux-arm64-musl"]
checksum = "sha256:03267c0737a0a54572024a935579ffce26ebb5ba8a5089645ddae29d97ac6312"
url = "https://github.com/astral-sh/python-build-standalone/releases/download/20261003/cpython-3.14.8+20261003-aarch64-unknown-linux-musl-install_only_stripped.tar.gz"
provenance = "github-attestations"

[tools.python."platforms.linux-x64"]
checksum = "sha256:d9ec7a6935ade8b671a57ebaf111083d7314eab8dae5071d167054dadd2b97d6"
url = "https://github.com/astral-sh/python-build-standalone/releases/download/20261003/cpython-3.14.8+20261003-x86_64-unknown-linux-gnu-install_only_stripped.tar.gz"
provenance = "github-attestations"

[tools.python."platforms.linux-x64-musl"]
checksum = "sha256:c1a91a426d70208a478c1b73c1348955a702de2da0308de89672c1f3972eaa70"
url = "https://github.com/astral-sh/python-build-standalone/releases/download/20261003/cpython-3.14.8+20261003-x86_64-unknown-linux-musl-install_only_stripped.tar.gz"
provenance = "github-attestations"

[tools.python."platforms.macos-arm64"]
checksum = "sha256:ed14e9042f36c0aa18383f5d9729bcbf17847e842666a793b5a5a5d8505c0ca1"
url = "https://github.com/astral-sh/python-build-standalone/releases/download/20261003/cpython-3.14.8+20261003-aarch64-apple-darwin-install_only_stripped.tar.gz"
provenance = "github-attestations"

[tools.python."platforms.macos-x64"]
checksum = "sha256:08310045a2611bad730d7c1a01e847a1ea729d9dcfe29110ca67cbdf3998bb54"
url = "https://github.com/astral-sh/python-build-standalone/releases/download/20261003/cpython-3.14.8+20261003-x86_64-apple-darwin-install_only_stripped.tar.gz"
provenance = "github-attestations"

[tools.python."platforms.windows-x64"]
checksum = "sha256:10e5705e44938ee78de35c62b30fdfe2945b53438343d04c0f53548cdd8e91b6"
url = "https://github.com/astral-sh/python-build-standalone/releases/download/20261003/cpython-3.14.8+20261003-x86_64-pc-windows-msvc-install_only_stripped.tar.gz"
provenance = "github-attestations"

[[tools.uv]]
version = "0.12.22"
backend = "aqua:astral-sh/uv"

[tools.uv."platforms.linux-arm64"]
checksum = "sha256:6f66a14e8239871fb477f9746c941fedfa77e8fe28a8bc7c07e1dc7f53a66712"
url = "https://github.com/astral-sh/uv/releases/download/0.12.22/uv-aarch64-unknown-linux-gnu.tar.gz"
url_api = "https://api.github.com/repos/astral-sh/uv/releases/assets/604418317"
provenance = "github-attestations"

[tools.uv."platforms.linux-arm64-musl"]
checksum = "sha256:228bd32c180421a94eef91378a92b2dd63c768bd278430e833250524c4a13382"
url = "https://github.com/astral-sh/uv/releases/download/0.12.22/uv-aarch64-unknown-linux-musl.tar.gz"
url_api = "https://api.github.com/repos/astral-sh/uv/releases/assets/604418325"
provenance = "github-attestations"

[tools.uv."platforms.linux-x64"]
checksum = "sha256:b9980552309f09c15172b8be828555e375097f16deb459795ce7bfd200380f0b"
url = "https://github.com/astral-sh/uv/releases/download/0.12.22/uv-x86_64-unknown-linux-gnu.tar.gz"
url_api = "https://api.github.com/repos/astral-sh/uv/releases/assets/604418465"
provenance = "github-attestations"

[tools.uv."platforms.linux-x64-musl"]
checksum = "sha256:a50fd68c653b0cfb1c85e0a7db62cb78cf5c22b6f3dcf3ae173e5f222d084470"
url = "https://github.com/astral-sh/uv/releases/download/0.12.22/uv-x86_64-unknown-linux-musl.tar.gz"
url_api = "https://api.github.com/repos/astral-sh/uv/releases/assets/604418476"
provenance = "github-attestations"

[tools.uv."platforms.macos-arm64"]
checksum = "sha256:5d714de09501a59393ceca78f4bc232a50478729640d251907160299b2a93ddd"
url = "https://github.com/astral-sh/uv/releases/download/0.12.22/uv-aarch64-apple-darwin.tar.gz"
url_api = "https://api.github.com/repos/astral-sh/uv/releases/assets/604418308"
provenance = "github-attestations"

[tools.uv."platforms.macos-x64"]
checksum = "sha256:1b8a5b316883df2daf20fb9a446e5b230e01d947d57aba2694977c5ac5a7e98c"
url = "https://github.com/astral-sh/uv/releases/download/0.12.22/uv-x86_64-apple-darwin.tar.gz"
url_api = "https://api.github.com/repos/astral-sh/uv/releases/assets/604418427"
provenance = "github-attestations"

[tools.uv."platforms.windows-x64"]
checksum = "sha256:ea1397797a0ca15f63516dd0f49c2dde9776db9be5861cab152ebe8ad199894d"
url = "https://github.com/astral-sh/uv/releases/download/0.12.22/uv-x86_64-pc-windows-msvc.zip"
url_api = "https://api.github.com/repos/astral-sh/uv/releases/assets/604418443"
provenance = "github-attestations"
